
Microsoft Visual Studio Solution File, Format Version 12.00
# Visual Studio Version 17
VisualStudioVersion = 17.5.33516.290
MinimumVisualStudioVersion = 10.0.40219.1
Project("{FAE04EC0-301F-11D3-BF4B-00C04F79EFBC}") = "DevFreela.API", "DevFreela.API\DevFreela.API.csproj", "{190DDA61-5AB6-4996-9194-B65290C54849}"
EndProject
Global
	GlobalSection(SolutionConfigurationPlatforms) = preSolution
		Debug|Any CPU = Debug|Any CPU
		Release|Any CPU = Release|Any CPU
	EndGlobalSection
	GlobalSection(ProjectConfigurationPlatforms) = postSolution
		{190DDA61-5AB6-4996-9194-B65290C54849}.Debug|Any CPU.ActiveCfg = Debug|Any CPU
		{190DDA61-5AB6-4996-9194-B65290C54849}.Debug|Any CPU.Build.0 = Debug|Any CPU
		{190DDA61-5AB6-4996-9194-B65290C54849}.Release|Any CPU.ActiveCfg = Release|Any CPU
		{190DDA61-5AB6-4996-9194-B65290C54849}.Release|Any CPU.Build.0 = Release|Any CPU
	EndGlobalSection
	GlobalSection(SolutionProperties) = preSolution
		HideSolutionNode = FALSE
	EndGlobalSection
	GlobalSection(ExtensibilityGlobals) = postSolution
		SolutionGuid = {596EA176-F19F-4679-AF0D-288ADEA7E794}
	EndGlobalSection
EndGlobal
